// !$*UTF8*$!
{
	archiveVersion = 1;
	classes = {
	};
	objectVersion = 46;
	objects = {

/* Begin PBXBuildFile section */
		B0537EFE1A682BCE00DDA0C1 /* main.m in Sources */ = {isa = PBXBuildFile; fileRef = B0537EFD1A682BCE00DDA0C1 /* main.m */; };
		B0537F011A682BCE00DDA0C1 /* AppDelegate.m in Sources */ = {isa = PBXBuildFile; fileRef = B0537F001A682BCE00DDA0C1 /* AppDelegate.m */; };
		B0537F041A682BCE00DDA0C1 /* ViewController.m in Sources */ = {isa = PBXBuildFile; fileRef = B0537F031A682BCE00DDA0C1 /* ViewController.m */; };
		B0537F071A682BCE00DDA0C1 /* Main.storyboard in Resources */ = {isa = PBXBuildFile; fileRef = B0537F051A682BCE00DDA0C1 /* Main.storyboard */; };
		B0537F091A682BCE00DDA0C1 /* Images.xcassets in Resources */ = {isa = PBXBuildFile; fileRef = B0537F081A682BCE00DDA0C1 /* Images.xcassets */; };
		B0537F0C1A682BCE00DDA0C1 /* LaunchScreen.xib in Resources */ = {isa = PBXBuildFile; fileRef = B0537F0A1A682BCE00DDA0C1 /* LaunchScreen.xib */; };
		B0537F181A682BCE00DDA0C1 /* GoodnightMoonTests.m in Sources */ = {isa = PBXBuildFile; fileRef = B0537F171A682BCE00DDA0C1 /* GoodnightMoonTests.m */; };
		B0537F231A6832D000DDA0C1 /* ImageCollectionViewCell.m in Sources */ = {isa = PBXBuildFile; fileRef = B0537F221A6832D000DDA0C1 /* ImageCollectionViewCell.m */; };
/* End PBXBuildFile section */

/* Begin PBXContainerItemProxy section */
		B0537F121A682BCE00DDA0C1 /* PBXContainerItemProxy */ = {
			isa = PBXContainerItemProxy;
			containerPortal = B0537EF01A682BCE00DDA0C1 /* Project object */;
			proxyType = 1;
			remoteGlobalIDString = B0537EF71A682BCE00DDA0C1;
			remoteInfo = GoodnightMoon;
		};
/* End PBXContainerItemProxy section */

/* Begin PBXFileReference section */
		B0537EF81A682BCE00DDA0C1 /* GoodnightMoon.app */ = {isa = PBXFileReference; explicitFileType = wrapper.application; includeInIndex = 0; path = GoodnightMoon.app; sourceTree = BUILT_PRODUCTS_DIR; };
		B0537EFC1A682BCE00DDA0C1 /* Info.plist */ = {isa = PBXFileReference; lastKnownFileType = text.plist.xml; path = Info.plist; sourceTree = "<group>"; };
		B0537EFD1A682BCE00DDA0C1 /* main.m */ = {isa = PBXFileReference; lastKnownFileType = sourcecode.c.objc; path = main.m; sourceTree = "<group>"; };
		B0537EFF1A682BCE00DDA0C1 /* AppDelegate.h */ = {isa = PBXFileReference; lastKnownFileType = sourcecode.c.h; path = AppDelegate.h; sourceTree = "<group>"; };
		B0537F001A682BCE00DDA0C1 /* AppDelegate.m */ = {isa = PBXFileReference; lastKnownFileType = sourcecode.c.objc; path = AppDelegate.m; sourceTree = "<group>"; };
		B0537F021A682BCE00DDA0C1 /* ViewController.h */ = {isa = PBXFileReference; lastKnownFileType = sourcecode.c.h; path = ViewController.h; sourceTree = "<group>"; };
		B0537F031A682BCE00DDA0C1 /* ViewController.m */ = {isa = PBXFileReference; lastKnownFileType = sourcecode.c.objc; path = ViewController.m; sourceTree = "<group>"; };
		B0537F061A682BCE00DDA0C1 /* Base */ = {isa = PBXFileReference; lastKnownFileType = file.storyboard; name = Base; path = Base.lproj/Main.storyboard; sourceTree = "<group>"; };
		B0537F081A682BCE00DDA0C1 /* Images.xcassets */ = {isa = PBXFileReference; lastKnownFileType = folder.assetcatalog; path = Images.xcassets; sourceTree = "<group>"; };
		B0537F0B1A682BCE00DDA0C1 /* Base */ = {isa = PBXFileReference; lastKnownFileType = file.xib; name = Base; path = Base.lproj/LaunchScreen.xib; sourceTree = "<group>"; };
		B0537F111A682BCE00DDA0C1 /* GoodnightMoonTests.xctest */ = {isa = PBXFileReference; explicitFileType = wrapper.cfbundle; includeInIndex = 0; path = GoodnightMoonTests.xctest; sourceTree = BUILT_PRODUCTS_DIR; };
		B0537F161A682BCE00DDA0C1 /* Info.plist */ = {isa = PBXFileReference; lastKnownFileType = text.plist.xml; path = Info.plist; sourceTree = "<group>"; };
		B0537F171A682BCE00DDA0C1 /* GoodnightMoonTests.m */ = {isa = PBXFileReference; lastKnownFileType = sourcecode.c.objc; path = GoodnightMoonTests.m; sourceTree = "<group>"; };
		B0537F211A6832D000DDA0C1 /* ImageCollectionViewCell.h */ = {isa = PBXFileReference; fileEncoding = 4; lastKnownFileType = sourcecode.c.h; path = ImageCollectionViewCell.h; sourceTree = "<group>"; };
		B0537F221A6832D000DDA0C1 /* ImageCollectionViewCell.m */ = {isa = PBXFileReference; fileEncoding = 4; lastKnownFileType = sourcecode.c.objc; path = ImageCollectionViewCell.m; sourceTree = "<group>"; };
/* End PBXFileReference section */

/* Begin PBXFrameworksBuildPhase section */
		B0537EF51A682BCE00DDA0C1 /* Frameworks */ = {
			isa = PBXFrameworksBuildPhase;
			buildActionMask = 2147483647;
			files = (
			);
			runOnlyForDeploymentPostprocessing = 0;
		};
		B0537F0E1A682BCE00DDA0C1 /* Frameworks */ = {
			isa = PBXFrameworksBuildPhase;
			buildActionMask = 2147483647;
			files = (
			);
			runOnlyForDeploymentPostprocessing = 0;
		};
/* End PBXFrameworksBuildPhase section */

/* Begin PBXGroup section */
		B0537EEF1A682BCE00DDA0C1 = {
			isa = PBXGroup;
			children = (
				B0537EFA1A682BCE00DDA0C1 /* GoodnightMoon */,
				B0537F141A682BCE00DDA0C1 /* GoodnightMoonTests */,
				B0537EF91A682BCE00DDA0C1 /* Products */,
			);
			sourceTree = "<group>";
		};
		B0537EF91A682BCE00DDA0C1 /* Products */ = {
			isa = PBXGroup;
			children = (
				B0537EF81A682BCE00DDA0C1 /* GoodnightMoon.app */,
				B0537F111A682BCE00DDA0C1 /* GoodnightMoonTests.xctest */,
			);
			name = Products;
			sourceTree = "<group>";
		};
		B0537EFA1A682BCE00DDA0C1 /* GoodnightMoon */ = {
			isa = PBXGroup;
			children = (
				B0537EFF1A682BCE00DDA0C1 /* AppDelegate.h */,
				B0537F001A682BCE00DDA0C1 /* AppDelegate.m */,
				B0537F021A682BCE00DDA0C1 /* ViewController.h */,
				B0537F031A682BCE00DDA0C1 /* ViewController.m */,
				B0537F051A682BCE00DDA0C1 /* Main.storyboard */,
				B0537F211A6832D000DDA0C1 /* ImageCollectionViewCell.h */,
				B0537F221A6832D000DDA0C1 /* ImageCollectionViewCell.m */,
				B0537F081A682BCE00DDA0C1 /* Images.xcassets */,
				B0537F0A1A682BCE00DDA0C1 /* LaunchScreen.xib */,
				B0537EFB1A682BCE00DDA0C1 /* Supporting Files */,
			);
			path = GoodnightMoon;
			sourceTree = "<group>";
		};
		B0537EFB1A682BCE00DDA0C1 /* Supporting Files */ = {
			isa = PBXGroup;
			children = (
				B0537EFC1A682BCE00DDA0C1 /* Info.plist */,
				B0537EFD1A682BCE00DDA0C1 /* main.m */,
			);
			name = "Supporting Files";
			sourceTree = "<group>";
		};
		B0537F141A682BCE00DDA0C1 /* GoodnightMoonTests */ = {
			isa = PBXGroup;
			children = (
				B0537F171A682BCE00DDA0C1 /* GoodnightMoonTests.m */,
				B0537F151A682BCE00DDA0C1 /* Supporting Files */,
			);
			path = GoodnightMoonTests;
			sourceTree = "<group>";
		};
		B0537F151A682BCE00DDA0C1 /* Supporting Files */ = {
			isa = PBXGroup;
			children = (
				B0537F161A682BCE00DDA0C1 /* Info.plist */,
			);
			name = "Supporting Files";
			sourceTree = "<group>";
		};
/* End PBXGroup section */

/* Begin PBXNativeTarget section */
		B0537EF71A682BCE00DDA0C1 /* GoodnightMoon */ = {
			isa = PBXNativeTarget;
			buildConfigurationList = B0537F1B1A682BCE00DDA0C1 /* Build configuration list for PBXNativeTarget "GoodnightMoon" */;
			buildPhases = (
				B0537EF41A682BCE00DDA0C1 /* Sources */,
				B0537EF51A682BCE00DDA0C1 /* Frameworks */,
				B0537EF61A682BCE00DDA0C1 /* Resources */,
			);
			buildRules = (
			);
			dependencies = (
			);
			name = GoodnightMoon;
			productName = GoodnightMoon;
			productReference = B0537EF81A682BCE00DDA0C1 /* GoodnightMoon.app */;
			productType = "com.apple.product-type.application";
		};
		B0537F101A682BCE00DDA0C1 /* GoodnightMoonTests */ = {
			isa = PBXNativeTarget;
			buildConfigurationList = B0537F1E1A682BCE00DDA0C1 /* Build configuration list for PBXNativeTarget "GoodnightMoonTests" */;
			buildPhases = (
				B0537F0D1A682BCE00DDA0C1 /* Sources */,
				B0537F0E1A682BCE00DDA0C1 /* Frameworks */,
				B0537F0F1A682BCE00DDA0C1 /* Resources */,
			);
			buildRules = (
			);
			dependencies = (
				B0537F131A682BCE00DDA0C1 /* PBXTargetDependency */,
			);
			name = GoodnightMoonTests;
			productName = GoodnightMoonTests;
			productReference = B0537F111A682BCE00DDA0C1 /* GoodnightMoonTests.xctest */;
			productType = "com.apple.product-type.bundle.unit-test";
		};
/* End PBXNativeTarget section */

/* Begin PBXProject section */
		B0537EF01A682BCE00DDA0C1 /* Project object */ = {
			isa = PBXProject;
			attributes = {
				LastUpgradeCheck = 0610;
				ORGANIZATIONNAME = "Syed Amaanullah";
				TargetAttributes = {
					B0537EF71A682BCE00DDA0C1 = {
						CreatedOnToolsVersion = 6.1.1;
					};
					B0537F101A682BCE00DDA0C1 = {
						CreatedOnToolsVersion = 6.1.1;
						TestTargetID = B0537EF71A682BCE00DDA0C1;
					};
				};
			};
			buildConfigurationList = B0537EF31A682BCE00DDA0C1 /* Build configuration list for PBXProject "GoodnightMoon" */;
			compatibilityVersion = "Xcode 3.2";
			developmentRegion = English;
			hasScannedForEncodings = 0;
			knownRegions = (
				en,
				Base,
			);
			mainGroup = B0537EEF1A682BCE00DDA0C1;
			productRefGroup = B0537EF91A682BCE00DDA0C1 /* Products */;
			projectDirPath = "";
			projectRoot = "";
			targets = (
				B0537EF71A682BCE00DDA0C1 /* GoodnightMoon */,
				B0537F101A682BCE00DDA0C1 /* GoodnightMoonTests */,
			);
		};
/* End PBXProject section */

/* Begin PBXResourcesBuildPhase section */
		B0537EF61A682BCE00DDA0C1 /* Resources */ = {
			isa = PBXResourcesBuildPhase;
			buildActionMask = 2147483647;
			files = (
				B0537F071A682BCE00DDA0C1 /* Main.storyboard in Resources */,
				B0537F0C1A682BCE00DDA0C1 /* LaunchScreen.xib in Resources */,
				B0537F091A682BCE00DDA0C1 /* Images.xcassets in Resources */,
			);
			runOnlyForDeploymentPostprocessing = 0;
		};
		B0537F0F1A682BCE00DDA0C1 /* Resources */ = {
			isa = PBXResourcesBuildPhase;
			buildActionMask = 2147483647;
			files = (
			);
			runOnlyForDeploymentPostprocessing = 0;
		};
/* End PBXResourcesBuildPhase section */

/* Begin PBXSourcesBuildPhase section */
		B0537EF41A682BCE00DDA0C1 /* Sources */ = {
			isa = PBXSourcesBuildPhase;
			buildActionMask = 2147483647;
			files = (
				B0537F041A682BCE00DDA0C1 /* ViewController.m in Sources */,
				B0537F011A682BCE00DDA0C1 /* AppDelegate.m in Sources */,
				B0537F231A6832D000DDA0C1 /* ImageCollectionViewCell.m in Sources */,
				B0537EFE1A682BCE00DDA0C1 /* main.m in Sources */,
			);
			runOnlyForDeploymentPostprocessing = 0;
		};
		B0537F0D1A682BCE00DDA0C1 /* Sources */ = {
			isa = PBXSourcesBuildPhase;
			buildActionMask = 2147483647;
			files = (
				B0537F181A682BCE00DDA0C1 /* GoodnightMoonTests.m in Sources */,
			);
			runOnlyForDeploymentPostprocessing = 0;
		};
/* End PBXSourcesBuildPhase section */

/* Begin PBXTargetDependency section */
		B0537F131A682BCE00DDA0C1 /* PBXTargetDependency */ = {
			isa = PBXTargetDependency;
			target = B0537EF71A682BCE00DDA0C1 /* GoodnightMoon */;
			targetProxy = B0537F121A682BCE00DDA0C1 /* PBXContainerItemProxy */;
		};
/* End PBXTargetDependency section */

/* Begin PBXVariantGroup section */
		B0537F051A682BCE00DDA0C1 /* Main.storyboard */ = {
			isa = PBXVariantGroup;
			children = (
				B0537F061A682BCE00DDA0C1 /* Base */,
			);
			name = Main.storyboard;
			sourceTree = "<group>";
		};
		B0537F0A1A682BCE00DDA0C1 /* LaunchScreen.xib */ = {
			isa = PBXVariantGroup;
			children = (
				B0537F0B1A682BCE00DDA0C1 /* Base */,
			);
			name = LaunchScreen.xib;
			sourceTree = "<group>";
		};
/* End PBXVariantGroup section */

/* Begin XCBuildConfiguration section */
		B0537F191A682BCE00DDA0C1 /* Debug */ = {
			isa = XCBuildConfiguration;
			buildSettings = {
				ALWAYS_SEARCH_USER_PATHS = NO;
				CLANG_CXX_LANGUAGE_STANDARD = "gnu++0x";
				CLANG_CXX_LIBRARY = "libc++";
				CLANG_ENABLE_MODULES = YES;
				CLANG_ENABLE_OBJC_ARC = YES;
				CLANG_WARN_BOOL_CONVERSION = YES;
				CLANG_WARN_CONSTANT_CONVERSION = YES;
				CLANG_WARN_DIRECT_OBJC_ISA_USAGE = YES_ERROR;
				CLANG_WARN_EMPTY_BODY = YES;
				CLANG_WARN_ENUM_CONVERSION = YES;
				CLANG_WARN_INT_CONVERSION = YES;
				CLANG_WARN_OBJC_ROOT_CLASS = YES_ERROR;
				CLANG_WARN_UNREACHABLE_CODE = YES;
				CLANG_WARN__DUPLICATE_METHOD_MATCH = YES;
				"CODE_SIGN_IDENTITY[sdk=iphoneos*]" = "iPhone Developer";
				COPY_PHASE_STRIP = NO;
				ENABLE_STRICT_OBJC_MSGSEND = YES;
				GCC_C_LANGUAGE_STANDARD = gnu99;
				GCC_DYNAMIC_NO_PIC = NO;
				GCC_OPTIMIZATION_LEVEL = 0;
				GCC_PREPROCESSOR_DEFINITIONS = (
					"DEBUG=1",
					"$(inherited)",
				);
				GCC_SYMBOLS_PRIVATE_EXTERN = NO;
				GCC_WARN_64_TO_32_BIT_CONVERSION = YES;
				GCC_WARN_ABOUT_RETURN_TYPE = YES_ERROR;
				GCC_WARN_UNDECLARED_SELECTOR = YES;
				GCC_WARN_UNINITIALIZED_AUTOS = YES_AGGRESSIVE;
				GCC_WARN_UNUSED_FUNCTION = YES;
				GCC_WARN_UNUSED_VARIABLE = YES;
				IPHONEOS_DEPLOYMENT_TARGET = 8.1;
				MTL_ENABLE_DEBUG_INFO = YES;
				ONLY_ACTIVE_ARCH = YES;
				SDKROOT = iphoneos;
			};
			name = Debug;
		};
		B0537F1A1A682BCE00DDA0C1 /* Release */ = {
			isa = XCBuildConfiguration;
			buildSettings = {
				ALWAYS_SEARCH_USER_PATHS = NO;
				CLANG_CXX_LANGUAGE_STANDARD = "gnu++0x";
				CLANG_CXX_LIBRARY = "libc++";
				CLANG_ENABLE_MODULES = YES;
				CLANG_ENABLE_OBJC_ARC = YES;
				CLANG_WARN_BOOL_CONVERSION = YES;
				CLANG_WARN_CONSTANT_CONVERSION = YES;
				CLANG_WARN_DIRECT_OBJC_ISA_USAGE = YES_ERROR;
				CLANG_WARN_EMPTY_BODY = YES;
				CLANG_WARN_ENUM_CONVERSION = YES;
				CLANG_WARN_INT_CONVERSION = YES;
				CLANG_WARN_OBJC_ROOT_CLASS = YES_ERROR;
				CLANG_WARN_UNREACHABLE_CODE = YES;
				CLANG_WARN__DUPLICATE_METHOD_MATCH = YES;
				"CODE_SIGN_IDENTITY[sdk=iphoneos*]" = "iPhone Developer";
				COPY_PHASE_STRIP = YES;
				ENABLE_NS_ASSERTIONS = NO;
				ENABLE_STRICT_OBJC_MSGSEND = YES;
				GCC_C_LANGUAGE_STANDARD = gnu99;
				GCC_WARN_64_TO_32_BIT_CONVERSION = YES;
				GCC_WARN_ABOUT_RETURN_TYPE = YES_ERROR;
				GCC_WARN_UNDECLARED_SELECTOR = YES;
				GCC_WARN_UNINITIALIZED_AUTOS = YES_AGGRESSIVE;
				GCC_WARN_UNUSED_FUNCTION = YES;
				GCC_WARN_UNUSED_VARIABLE = YES;
				IPHONEOS_DEPLOYMENT_TARGET = 8.1;
				MTL_ENABLE_DEBUG_INFO = NO;
				SDKROOT = iphoneos;
				VALIDATE_PRODUCT = YES;
			};
			name = Release;
		};
		B0537F1C1A682BCE00DDA0C1 /* Debug */ = {
			isa = XCBuildConfiguration;
			buildSettings = {
				ASSETCATALOG_COMPILER_APPICON_NAME = AppIcon;
				INFOPLIST_FILE = GoodnightMoon/Info.plist;
				LD_RUNPATH_SEARCH_PATHS = "$(inherited) @executable_path/Frameworks";
				PRODUCT_NAME = "$(TARGET_NAME)";
			};
			name = Debug;
		};
		B0537F1D1A682BCE00DDA0C1 /* Release */ = {
			isa = XCBuildConfiguration;
			buildSettings = {
				ASSETCATALOG_COMPILER_APPICON_NAME = AppIcon;
				INFOPLIST_FILE = GoodnightMoon/Info.plist;
				LD_RUNPATH_SEARCH_PATHS = "$(inherited) @executable_path/Frameworks";
				PRODUCT_NAME = "$(TARGET_NAME)";
			};
			name = Release;
		};
		B0537F1F1A682BCE00DDA0C1 /* Debug */ = {
			isa = XCBuildConfiguration;
			buildSettings = {
				BUNDLE_LOADER = "$(TEST_HOST)";
				FRAMEWORK_SEARCH_PATHS = (
					"$(SDKROOT)/Developer/Library/Frameworks",
					"$(inherited)",
				);
				GCC_PREPROCESSOR_DEFINITIONS = (
					"DEBUG=1",
					"$(inherited)",
				);
				INFOPLIST_FILE = GoodnightMoonTests/Info.plist;
				LD_RUNPATH_SEARCH_PATHS = "$(inherited) @executable_path/Frameworks @loader_path/Frameworks";
				PRODUCT_NAME = "$(TARGET_NAME)";
				TEST_HOST = "$(BUILT_PRODUCTS_DIR)/GoodnightMoon.app/GoodnightMoon";
			};
			name = Debug;
		};
		B0537F201A682BCE00DDA0C1 /* Release */ = {
			isa = XCBuildConfiguration;
			buildSettings = {
				BUNDLE_LOADER = "$(TEST_HOST)";
				FRAMEWORK_SEARCH_PATHS = (
					"$(SDKROOT)/Developer/Library/Frameworks",
					"$(inherited)",
				);
				INFOPLIST_FILE = GoodnightMoonTests/Info.plist;
				LD_RUNPATH_SEARCH_PATHS = "$(inherited) @executable_path/Frameworks @loader_path/Frameworks";
				PRODUCT_NAME = "$(TARGET_NAME)";
				TEST_HOST = "$(BUILT_PRODUCTS_DIR)/GoodnightMoon.app/GoodnightMoon";
			};
			name = Release;
		};
/* End XCBuildConfiguration section */

/* Begin XCConfigurationList section */
		B0537EF31A682BCE00DDA0C1 /* Build configuration list for PBXProject "GoodnightMoon" */ = {
			isa = XCConfigurationList;
			buildConfigurations = (
				B0537F191A682BCE00DDA0C1 /* Debug */,
				B0537F1A1A682BCE00DDA0C1 /* Release */,
			);
			defaultConfigurationIsVisible = 0;
			defaultConfigurationName = Release;
		};
		B0537F1B1A682BCE00DDA0C1 /* Build configuration list for PBXNativeTarget "GoodnightMoon" */ = {
			isa = XCConfigurationList;
			buildConfigurations = (
				B0537F1C1A682BCE00DDA0C1 /* Debug */,
				B0537F1D1A682BCE00DDA0C1 /* Release */,
			);
			defaultConfigurationIsVisible = 0;
		};
		B0537F1E1A682BCE00DDA0C1 /* Build configuration list for PBXNativeTarget "GoodnightMoonTests" */ = {
			isa = XCConfigurationList;
			buildConfigurations = (
				B0537F1F1A682BCE00DDA0C1 /* Debug */,
				B0537F201A682BCE00DDA0C1 /* Release */,
			);
			defaultConfigurationIsVisible = 0;
		};
/* End XCConfigurationList section */
	};
	rootObject = B0537EF01A682BCE00DDA0C1 /* Project object */;
}
